Microsoft Visual Studio Solution File, Format Version 12.00
# Visual Studio Version 17
VisualStudioVersion = 17.5.2.0
MinimumVisualStudioVersion = 10.0.40219.1
Project("{FAE04EC0-301F-11D3-BF4B-00C04F79EFBC}") = "Task1Console", "Task1Console\Task1Console.csproj", "{B2974017-B9BF-6191-85E6-A45166742D39}"
EndProject
Project("{FAE04EC0-301F-11D3-BF4B-00C04F79EFBC}") = "Task2", "Task2\Task2.csproj", "{7DF88A66-2354-49BE-9792-8E84EA10EE31}"
EndProject
Project("{FAE04EC0-301F-11D3-BF4B-00C04F79EFBC}") = "Task1WPF", "Task1WPF\Task1WPF.csproj", "{C69D3821-1E0C-475C-93E1-40AE6E2F26E4}"
EndProject
Project("{FAE04EC0-301F-11D3-BF4B-00C04F79EFBC}") = "Task1WinForms", "Task1WinForms\Task1WinForms.csproj", "{39284874-CAFB-4AD6-BCFA-3E09AA8B1039}"
EndProject
Project("{FAE04EC0-301F-11D3-BF4B-00C04F79EFBC}") = "Task3", "Task3\Task3.csproj", "{2F09316D-5FFB-4024-93EE-946A3B84189D}"
EndProject
Global
	GlobalSection(SolutionConfigurationPlatforms) = preSolution
		Debug|Any CPU = Debug|Any CPU
		Release|Any CPU = Release|Any CPU
	EndGlobalSection
	GlobalSection(ProjectConfigurationPlatforms) = postSolution
		{B2974017-B9BF-6191-85E6-A45166742D39}.Debug|Any CPU.ActiveCfg = Debug|Any CPU
		{B2974017-B9BF-6191-85E6-A45166742D39}.Debug|Any CPU.Build.0 = Debug|Any CPU
		{B2974017-B9BF-6191-85E6-A45166742D39}.Release|Any CPU.ActiveCfg = Release|Any CPU
		{B2974017-B9BF-6191-85E6-A45166742D39}.Release|Any CPU.Build.0 = Release|Any CPU
		{7DF88A66-2354-49BE-9792-8E84EA10EE31}.Debug|Any CPU.ActiveCfg = Debug|Any CPU
		{7DF88A66-2354-49BE-9792-8E84EA10EE31}.Debug|Any CPU.Build.0 = Debug|Any CPU
		{7DF88A66-2354-49BE-9792-8E84EA10EE31}.Release|Any CPU.ActiveCfg = Release|Any CPU
		{7DF88A66-2354-49BE-9792-8E84EA10EE31}.Release|Any CPU.Build.0 = Release|Any CPU
		{C69D3821-1E0C-475C-93E1-40AE6E2F26E4}.Debug|Any CPU.ActiveCfg = Debug|Any CPU
		{C69D3821-1E0C-475C-93E1-40AE6E2F26E4}.Debug|Any CPU.Build.0 = Debug|Any CPU
		{C69D3821-1E0C-475C-93E1-40AE6E2F26E4}.Release|Any CPU.ActiveCfg = Release|Any CPU
		{C69D3821-1E0C-475C-93E1-40AE6E2F26E4}.Release|Any CPU.Build.0 = Release|Any CPU
		{39284874-CAFB-4AD6-BCFA-3E09AA8B1039}.Debug|Any CPU.ActiveCfg = Debug|Any CPU
		{39284874-CAFB-4AD6-BCFA-3E09AA8B1039}.Debug|Any CPU.Build.0 = Debug|Any CPU
		{39284874-CAFB-4AD6-BCFA-3E09AA8B1039}.Release|Any CPU.ActiveCfg = Release|Any CPU
		{39284874-CAFB-4AD6-BCFA-3E09AA8B1039}.Release|Any CPU.Build.0 = Release|Any CPU
		{2F09316D-5FFB-4024-93EE-946A3B84189D}.Debug|Any CPU.ActiveCfg = Debug|Any CPU
		{2F09316D-5FFB-4024-93EE-946A3B84189D}.Debug|Any CPU.Build.0 = Debug|Any CPU
		{2F09316D-5FFB-4024-93EE-946A3B84189D}.Release|Any CPU.ActiveCfg = Release|Any CPU
		{2F09316D-5FFB-4024-93EE-946A3B84189D}.Release|Any CPU.Build.0 = Release|Any CPU
	EndGlobalSection
	GlobalSection(SolutionProperties) = preSolution
		HideSolutionNode = FALSE
	EndGlobalSection
	GlobalSection(ExtensibilityGlobals) = postSolution
		SolutionGuid = {64C54B6D-201C-47E7-9B39-7A647B2157D5}
	EndGlobalSection
EndGlobal
